<?xml version="1.0" encoding="utf-8"?>
<Project ToolsVersion="4.0" xmlns="http://schemas.microsoft.com/developer/msbuild/2003">
  <ItemGroup>
    <Filter Include="リソース ファイル">
      <UniqueIdentifier>{67DA6AB6-F800-4c08-8B7A-83BB121AAD01}</UniqueIdentifier>
      <Extensions>rc;ico;cur;bmp;dlg;rc2;rct;bin;rgs;gif;jpg;jpeg;jpe;resx;tiff;tif;png;wav;mfcribbon-ms</Extensions>
    </Filter>
    <Filter Include="EngineObject">
      <UniqueIdentifier>{418d382b-67f7-43cf-b731-4e9a8ba5911e}</UniqueIdentifier>
    </Filter>
    <Filter Include="EngineSystem">
      <UniqueIdentifier>{d450e880-a4ef-4ca5-9ec0-fa473906712c}</UniqueIdentifier>
    </Filter>
    <Filter Include="EngineSystem\FileFunction">
      <UniqueIdentifier>{48371787-2f89-438a-bf3f-4ff8dcf29cc4}</UniqueIdentifier>
    </Filter>
    <Filter Include="ImGui">
      <UniqueIdentifier>{24e10bda-9c1e-4a80-be77-2e175e0c8a32}</UniqueIdentifier>
    </Filter>
    <Filter Include="Test">
      <UniqueIdentifier>{d51be2ee-43a9-42e0-b837-e5b361166874}</UniqueIdentifier>
    </Filter>
  </ItemGroup>
  <ItemGroup>
    <ClCompile Include="..\..\Source\EtherEngine\EditorCamera.cpp">
      <Filter>EngineObject</Filter>
    </ClCompile>
    <ClCompile Include="..\..\Source\EtherEngine\EditorExplorerWindow.cpp">
      <Filter>EngineObject</Filter>
    </ClCompile>
    <ClCompile Include="..\..\Source\EtherEngine\EditorInspectorWindow.cpp">
      <Filter>EngineObject</Filter>
    </ClCompile>
    <ClCompile Include="..\..\Source\EtherEngine\EditorLogWindow.cpp">
      <Filter>EngineObject</Filter>
    </ClCompile>
    <ClCompile Include="..\..\Source\EtherEngine\EditorMainMenu.cpp">
      <Filter>EngineObject</Filter>
    </ClCompile>
    <ClCompile Include="..\..\Source\EtherEngine\EditorOutliner.cpp">
      <Filter>EngineObject</Filter>
    </ClCompile>
    <ClCompile Include="..\..\Source\EtherEngine\EditorPopupWindow.cpp">
      <Filter>EngineObject</Filter>
    </ClCompile>
    <ClCompile Include="..\..\Source\EtherEngine\EditorWindowBase.cpp">
      <Filter>EngineObject</Filter>
    </ClCompile>
    <ClCompile Include="..\..\Source\EtherEngine\FileCreater.cpp">
      <Filter>EngineSystem\FileFunction</Filter>
    </ClCompile>
    <ClCompile Include="..\..\Source\EtherEngine\FileDeleter.cpp">
      <Filter>EngineSystem\FileFunction</Filter>
    </ClCompile>
    <ClCompile Include="..\..\Source\EtherEngine\FileOpener.cpp">
      <Filter>EngineSystem\FileFunction</Filter>
    </ClCompile>
    <ClCompile Include="..\..\Source\EtherEngine\EditorApplication.cpp">
      <Filter>EngineSystem</Filter>
    </ClCompile>
    <ClCompile Include="..\..\Source\EtherEngine\EditorComponentBase.cpp">
      <Filter>EngineSystem</Filter>
    </ClCompile>
    <ClCompile Include="..\..\Source\EtherEngine\EditorComponentHelper.cpp">
      <Filter>EngineSystem</Filter>
    </ClCompile>
    <ClCompile Include="..\..\Source\EtherEngine\EditorDefine.cpp">
      <Filter>EngineSystem</Filter>
    </ClCompile>
    <ClCompile Include="..\..\Source\EtherEngine\EditorMain.cpp">
      <Filter>EngineSystem</Filter>
    </ClCompile>
    <ClCompile Include="..\..\Source\EtherEngine\EditorObject.cpp">
      <Filter>EngineSystem</Filter>
    </ClCompile>
    <ClCompile Include="..\..\Source\EtherEngine\EditorObjectStorage.cpp">
      <Filter>EngineSystem</Filter>
    </ClCompile>
    <ClCompile Include="..\..\Source\EtherEngine\EditorObjectUpdater.cpp">
      <Filter>EngineSystem</Filter>
    </ClCompile>
    <ClCompile Include="..\..\Source\EtherEngine\EditorSceneSerializer.cpp">
      <Filter>EngineSystem</Filter>
    </ClCompile>
    <ClCompile Include="..\..\Source\EtherEngine\stdafx\EtherEngineStdafx.cpp">
      <Filter>EngineSystem</Filter>
    </ClCompile>
    <ClCompile Include="..\..\Source\EtherEngine\MSVCMediation.cpp">
      <Filter>EngineSystem</Filter>
    </ClCompile>
    <ClCompile Include="..\..\Source\EtherEngine\ProcedureEditorWindow.cpp">
      <Filter>EngineSystem</Filter>
    </ClCompile>
    <ClCompile Include="..\..\Source\EtherEngine\ImGuiUtility.cpp">
      <Filter>ImGui</Filter>
    </ClCompile>
    <ClCompile Include="..\..\Source\EtherEngine\ImGuiClass.cpp">
      <Filter>ImGui</Filter>
    </ClCompile>
    <ClCompile Include="..\..\Source\EtherEngine\Test\EditorDebugWindow.cpp">
      <Filter>Test</Filter>
    </ClCompile>
    <ClCompile Include="..\..\Source\EtherEngine\Test\imgui_demo.cpp">
      <Filter>Test</Filter>
    </ClCompile>
    <ClCompile Include="..\..\Source\EtherEngine\Test\TestComponent.cpp">
      <Filter>Test</Filter>
    </ClCompile>
    <ClCompile Include="..\..\Source\EtherEngine\Test\TestGameMain.cpp">
      <Filter>Test</Filter>
    </ClCompile>
    <ClCompile Include="..\..\Source\EtherEngine\Test\TestGameObjectModel.cpp">
      <Filter>Test</Filter>
    </ClCompile>
    <ClCompile Include="..\..\Source\EtherEngine\Test\TestScene.cpp">
      <Filter>Test</Filter>
    </ClCompile>
    <ClCompile Include="..\..\Source\EtherEngine\EditorAssemblyRefresh.cpp" />
    <ClCompile Include="..\..\Source\EtherEngine\EditorBuildMenuWindow.cpp" />
    <ClCompile Include="..\..\Source\EtherEngine\EditorProgressBar.cpp" />
    <ClCompile Include="..\..\Source\EtherEngine\ProjectEditorData.cpp" />
    <ClCompile Include="..\..\Source\EtherEngine\ProjectMediation.cpp" />
    <ClCompile Include="..\..\Source\EtherEngine\EtherEngineAssemblyInfo.cpp" />
  </ItemGroup>
  <ItemGroup>
    <ClInclude Include="..\..\Source\EtherEngine\ImGuiClass.h">
      <Filter>ImGui</Filter>
    </ClInclude>
    <ClInclude Include="..\..\Source\EtherEngine\Test\TestDefine.h">
      <Filter>Test</Filter>
    </ClInclude>
    <ClInclude Include="..\..\Source\EtherEngine\Test\TestGameObject.h">
      <Filter>Test</Filter>
    </ClInclude>
    <ClInclude Include="..\..\Source\EtherEngine\Test\TestGameObjectModel.h">
      <Filter>Test</Filter>
    </ClInclude>
    <ClInclude Include="..\..\Source\EtherEngine\EditorApplication.h">
      <Filter>EngineSystem</Filter>
    </ClInclude>
    <ClInclude Include="..\..\Source\EtherEngine\EditorComponentBase.h">
      <Filter>EngineSystem</Filter>
    </ClInclude>
    <ClInclude Include="..\..\Source\EtherEngine\EditorComponentHelper.h">
      <Filter>EngineSystem</Filter>
    </ClInclude>
    <ClInclude Include="..\..\Source\EtherEngine\EditorDefine.h">
      <Filter>EngineSystem</Filter>
    </ClInclude>
    <ClInclude Include="..\..\Source\EtherEngine\EditorObject.h">
      <Filter>EngineSystem</Filter>
    </ClInclude>
    <ClInclude Include="..\..\Source\EtherEngine\EditorObjectStorage.h">
      <Filter>EngineSystem</Filter>
    </ClInclude>
    <ClInclude Include="..\..\Source\EtherEngine\EditorObjectUpdater.h">
      <Filter>EngineSystem</Filter>
    </ClInclude>
    <ClInclude Include="..\..\Source\EtherEngine\ProcedureEditorWindow.h">
      <Filter>EngineSystem</Filter>
    </ClInclude>
    <ClInclude Include="..\..\Source\EtherEngine\EditorCamera.h">
      <Filter>EngineObject</Filter>
    </ClInclude>
    <ClInclude Include="..\..\Source\EtherEngine\EditorOutliner.h">
      <Filter>EngineObject</Filter>
    </ClInclude>
    <ClInclude Include="..\..\Source\EtherEngine\Test\imgui_demo.h">
      <Filter>Test</Filter>
    </ClInclude>
    <ClInclude Include="..\..\Source\EtherEngine\EditorWindowBase.h">
      <Filter>EngineObject</Filter>
    </ClInclude>
    <ClInclude Include="..\..\Source\EtherEngine\Test\EditorDebugWindow.h">
      <Filter>Test</Filter>
    </ClInclude>
    <ClInclude Include="..\..\Source\EtherEngine\EditorMainMenu.h">
      <Filter>EngineObject</Filter>
    </ClInclude>
    <ClInclude Include="..\..\Source\EtherEngine\EditorLogWindow.h">
      <Filter>EngineObject</Filter>
    </ClInclude>
    <ClInclude Include="..\..\Source\EtherEngine\EditorInspectorWindow.h">
      <Filter>EngineObject</Filter>
    </ClInclude>
    <ClInclude Include="..\..\Source\EtherEngine\EditorSceneSerializer.h">
      <Filter>EngineSystem</Filter>
    </ClInclude>
    <ClInclude Include="..\..\Source\EtherEngine\stdafx\EtherEngineStdafx.h">
      <Filter>EngineSystem</Filter>
    </ClInclude>
    <ClInclude Include="..\..\Source\EtherEngine\Test\TestComponent.h">
      <Filter>Test</Filter>
    </ClInclude>
    <ClInclude Include="..\..\Source\EtherEngine\MSVCMediation.h">
      <Filter>EngineSystem</Filter>
    </ClInclude>
    <ClInclude Include="..\..\Source\EtherEngine\FileCreater.h">
      <Filter>EngineSystem\FileFunction</Filter>
    </ClInclude>
    <ClInclude Include="..\..\Source\EtherEngine\FileOpener.h">
      <Filter>EngineSystem\FileFunction</Filter>
    </ClInclude>
    <ClInclude Include="..\..\Source\EtherEngine\FileDeleter.h">
      <Filter>EngineSystem\FileFunction</Filter>
    </ClInclude>
    <ClInclude Include="..\..\Source\EtherEngine\ImGuiUtility.h">
      <Filter>ImGui</Filter>
    </ClInclude>
    <ClInclude Include="..\..\Source\EtherEngine\EditorExplorerWindow.h">
      <Filter>EngineObject</Filter>
    </ClInclude>
    <ClInclude Include="..\..\Source\EtherEngine\EditorPopupWindow.h">
      <Filter>EngineObject</Filter>
    </ClInclude>
    <ClInclude Include="..\..\Source\EtherEngine\ProjectMediation.h" />
    <ClInclude Include="..\..\Source\EtherEngine\EditorAssemblyRefresh.h" />
    <ClInclude Include="..\..\Source\EtherEngine\EditorBuildMenuWindow.h" />
    <ClInclude Include="..\..\Source\EtherEngine\EditorProgressBar.h" />
    <ClInclude Include="..\..\Source\EtherEngine\ProjectEditorData.h" />
    <ClInclude Include="..\..\Source\EtherEngine\EditorMain.h">
      <Filter>EngineSystem</Filter>
    </ClInclude>
  </ItemGroup>
</Project>