<?xml version="1.0" encoding="utf-8"?>
<Project ToolsVersion="4.0" xmlns="http://schemas.microsoft.com/developer/msbuild/2003">
  <ItemGroup>
    <Filter Include="ソース ファイル">
      <UniqueIdentifier>{4FC737F1-C7A5-4376-A066-2A32D752A2FF}</UniqueIdentifier>
      <Extensions>cpp;c;cc;cxx;def;odl;idl;hpj;bat;asm;asmx</Extensions>
    </Filter>
    <Filter Include="ヘッダー ファイル">
      <UniqueIdentifier>{93995380-89BD-4b04-88EB-625FBE52EBFB}</UniqueIdentifier>
      <Extensions>h;hh;hpp;hxx;hm;inl;inc;ipp;xsd</Extensions>
    </Filter>
    <Filter Include="リソース ファイル">
      <UniqueIdentifier>{67DA6AB6-F800-4c08-8B7A-83BB121AAD01}</UniqueIdentifier>
      <Extensions>rc;ico;cur;bmp;dlg;rc2;rct;bin;rgs;gif;jpg;jpeg;jpe;resx;tiff;tif;png;wav;mfcribbon-ms</Extensions>
    </Filter>
    <Filter Include="ヘッダー ファイル\IMGUIRapper">
      <UniqueIdentifier>{24e10bda-9c1e-4a80-be77-2e175e0c8a32}</UniqueIdentifier>
    </Filter>
    <Filter Include="ソース ファイル\IMGUIRapper">
      <UniqueIdentifier>{4c5c8e90-dd08-41c2-a80e-1403f666e062}</UniqueIdentifier>
    </Filter>
    <Filter Include="ソース ファイル\Test">
      <UniqueIdentifier>{c710d359-8a84-40eb-8a03-50c920e02a4d}</UniqueIdentifier>
    </Filter>
    <Filter Include="ヘッダー ファイル\Test">
      <UniqueIdentifier>{d51be2ee-43a9-42e0-b837-e5b361166874}</UniqueIdentifier>
    </Filter>
  </ItemGroup>
  <ItemGroup>
    <ClCompile Include="..\..\Source\EtherEngine\stdafx\EtherEngineStdafx.cpp">
      <Filter>ソース ファイル</Filter>
    </ClCompile>
    <ClCompile Include="..\..\Source\EtherEngine\EditorMain.cpp">
      <Filter>ソース ファイル</Filter>
    </ClCompile>
    <ClCompile Include="..\..\Source\EtherEngine\EditorApplication.cpp">
      <Filter>ソース ファイル</Filter>
    </ClCompile>
    <ClCompile Include="..\..\Source\EtherEngine\ImGuiClass.cpp">
      <Filter>ソース ファイル\IMGUIRapper</Filter>
    </ClCompile>
    <ClCompile Include="..\..\Source\EtherEngine\Test\TestGameMain.cpp">
      <Filter>ソース ファイル\Test</Filter>
    </ClCompile>
    <ClCompile Include="..\..\Source\EtherEngine\Test\TestGameObjectModel.cpp">
      <Filter>ソース ファイル\Test</Filter>
    </ClCompile>
    <ClCompile Include="..\..\Source\EtherEngine\Test\TestScene.cpp">
      <Filter>ソース ファイル\Test</Filter>
    </ClCompile>
  </ItemGroup>
  <ItemGroup>
    <ClInclude Include="..\..\Source\EtherEngine\stdafx\EtherEngineStdafx.h">
      <Filter>ヘッダー ファイル</Filter>
    </ClInclude>
    <ClInclude Include="..\..\Source\EtherEngine\EditorApplication.h">
      <Filter>ヘッダー ファイル</Filter>
    </ClInclude>
    <ClInclude Include="..\..\Source\EtherEngine\ImGuiClass.h">
      <Filter>ヘッダー ファイル\IMGUIRapper</Filter>
    </ClInclude>
    <ClInclude Include="..\..\Source\EtherEngine\Test\TestDefine.h">
      <Filter>ヘッダー ファイル\Test</Filter>
    </ClInclude>
    <ClInclude Include="..\..\Source\EtherEngine\Test\TestGameObject.h">
      <Filter>ヘッダー ファイル\Test</Filter>
    </ClInclude>
    <ClInclude Include="..\..\Source\EtherEngine\Test\TestGameObjectModel.h">
      <Filter>ヘッダー ファイル\Test</Filter>
    </ClInclude>
    <ClInclude Include="..\..\Source\EtherEngine\Test\TestScene.h">
      <Filter>ヘッダー ファイル\Test</Filter>
    </ClInclude>
  </ItemGroup>
</Project>