<?xml version="1.0" encoding="utf-8"?>
<Project ToolsVersion="4.0" xmlns="http://schemas.microsoft.com/developer/msbuild/2003">
  <ItemGroup>
    <Filter Include="Base">
      <UniqueIdentifier>{6902a6de-d980-4021-96d8-415c1f20bf9a}</UniqueIdentifier>
    </Filter>
    <Filter Include="Component">
      <UniqueIdentifier>{30c3502c-cfc1-4897-a911-1f22da85825d}</UniqueIdentifier>
    </Filter>
    <Filter Include="リソース ファイル">
      <UniqueIdentifier>{5472d816-0842-4487-8659-5281bdf130d9}</UniqueIdentifier>
    </Filter>
  </ItemGroup>
  <ItemGroup>
    <ClInclude Include="..\..\Source\CPPCLI\ModelComponent.h">
      <Filter>Component</Filter>
    </ClInclude>
    <ClInclude Include="..\..\Source\CPPCLI\ModelRender.h">
      <Filter>Component</Filter>
    </ClInclude>
    <ClInclude Include="..\..\Source\CPPCLI\CameraComponent.h">
      <Filter>Component</Filter>
    </ClInclude>
    <ClInclude Include="..\..\Source\CPPCLI\AssemblyHolder.h">
      <Filter>Base</Filter>
    </ClInclude>
    <ClInclude Include="..\..\Source\CPPCLI\AttributeDefine.h">
      <Filter>Base</Filter>
    </ClInclude>
    <ClInclude Include="..\..\Source\CPPCLI\BaseMainWindow.h">
      <Filter>Base</Filter>
    </ClInclude>
    <ClInclude Include="..\..\Source\CPPCLI\CPPCLIInit.h">
      <Filter>Base</Filter>
    </ClInclude>
    <ClInclude Include="..\..\Source\CPPCLI\stdafx\CPPCLIStdafx.h">
      <Filter>Base</Filter>
    </ClInclude>
    <ClInclude Include="..\..\Source\CPPCLI\CPPCLIUtility.h">
      <Filter>Base</Filter>
    </ClInclude>
    <ClInclude Include="..\..\Source\CPPCLI\ComponentInterface.h">
      <Filter>Base</Filter>
    </ClInclude>
    <ClInclude Include="..\..\Source\CPPCLI\GameApplication.h">
      <Filter>Base</Filter>
    </ClInclude>
    <ClInclude Include="..\..\Source\CPPCLI\GameComponent.h">
      <Filter>Base</Filter>
    </ClInclude>
    <ClInclude Include="..\..\Source\CPPCLI\GameDrawComponent.h">
      <Filter>Base</Filter>
    </ClInclude>
    <ClInclude Include="..\..\Source\CPPCLI\ManageSingleton.h">
      <Filter>Base</Filter>
    </ClInclude>
    <ClInclude Include="..\..\Source\CPPCLI\UserComponent.h">
      <Filter>Base</Filter>
    </ClInclude>
    <ClInclude Include="..\..\Source\CPPCLI\UserDrawComponent.h">
      <Filter>Base</Filter>
    </ClInclude>
  </ItemGroup>
  <ItemGroup>
    <ClCompile Include="..\..\Source\CPPCLI\ModelComponent.cpp">
      <Filter>Component</Filter>
    </ClCompile>
    <ClCompile Include="..\..\Source\CPPCLI\ModelRender.cpp">
      <Filter>Component</Filter>
    </ClCompile>
    <ClCompile Include="..\..\Source\CPPCLI\CameraComponent.cpp">
      <Filter>Component</Filter>
    </ClCompile>
    <ClCompile Include="..\..\Source\CPPCLI\AssemblyHolder.cpp">
      <Filter>Base</Filter>
    </ClCompile>
    <ClCompile Include="..\..\Source\CPPCLI\AttributeDefine.cpp">
      <Filter>Base</Filter>
    </ClCompile>
    <ClCompile Include="..\..\Source\CPPCLI\BaseMainWindow.cpp">
      <Filter>Base</Filter>
    </ClCompile>
    <ClCompile Include="..\..\Source\CPPCLI\CPPCLIInit.cpp">
      <Filter>Base</Filter>
    </ClCompile>
    <ClCompile Include="..\..\Source\CPPCLI\stdafx\CPPCLIStdafx.cpp">
      <Filter>Base</Filter>
    </ClCompile>
    <ClCompile Include="..\..\Source\CPPCLI\CPPCLIUtility.cpp">
      <Filter>Base</Filter>
    </ClCompile>
    <ClCompile Include="..\..\Source\CPPCLI\ComponentInterface.cpp">
      <Filter>Base</Filter>
    </ClCompile>
    <ClCompile Include="..\..\Source\CPPCLI\CPPCLIAssemblyInfo.cpp">
      <Filter>Base</Filter>
    </ClCompile>
    <ClCompile Include="..\..\Source\CPPCLI\GameApplication.cpp">
      <Filter>Base</Filter>
    </ClCompile>
    <ClCompile Include="..\..\Source\CPPCLI\GameComponent.cpp">
      <Filter>Base</Filter>
    </ClCompile>
    <ClCompile Include="..\..\Source\CPPCLI\GameDrawComponent.cpp">
      <Filter>Base</Filter>
    </ClCompile>
    <ClCompile Include="..\..\Source\CPPCLI\ManageSingleton.cpp">
      <Filter>Base</Filter>
    </ClCompile>
    <ClCompile Include="..\..\Source\CPPCLI\UserComponent.cpp">
      <Filter>Base</Filter>
    </ClCompile>
    <ClCompile Include="..\..\Source\CPPCLI\UserDrawComponent.cpp">
      <Filter>Base</Filter>
    </ClCompile>
  </ItemGroup>
</Project>