<?xml version="1.0" encoding="utf-8"?>
<Project ToolsVersion="4.0" xmlns="http://schemas.microsoft.com/developer/msbuild/2003">
  <ItemGroup>
    <Filter Include="リソース ファイル">
      <UniqueIdentifier>{5472d816-0842-4487-8659-5281bdf130d9}</UniqueIdentifier>
    </Filter>
    <Filter Include="Wrapper">
      <UniqueIdentifier>{a9537dc6-33df-4cb1-aa98-4a8b2fc23011}</UniqueIdentifier>
    </Filter>
    <Filter Include="Stdafx">
      <UniqueIdentifier>{3a93161d-ccde-4696-995b-f2bf147e92b5}</UniqueIdentifier>
    </Filter>
    <Filter Include="Manage">
      <UniqueIdentifier>{bbab1202-cf50-4c9c-a7fd-db9842dd0005}</UniqueIdentifier>
    </Filter>
    <Filter Include="Native">
      <UniqueIdentifier>{9a451753-e92b-4e5e-a4b8-944f4ed04ce5}</UniqueIdentifier>
    </Filter>
    <Filter Include="Manage\Component">
      <UniqueIdentifier>{4c5eeb8b-26e8-4dcf-8799-83e0b8e3b796}</UniqueIdentifier>
    </Filter>
  </ItemGroup>
  <ItemGroup>
    <ClInclude Include="..\..\Source\EngineLibrary\BaseMainWindow.h" />
    <ClInclude Include="..\..\Source\EngineLibrary\ComponentInterface.h" />
    <ClInclude Include="..\..\Source\EngineLibrary\EngineLibraryDefine.h" />
    <ClInclude Include="..\..\Source\EngineLibrary\ConvertManage.h" />
    <ClInclude Include="..\..\Source\EngineLibrary\ConvertManageToUnmanage.h" />
    <ClInclude Include="..\..\Source\EngineLibrary\stdafx\EngineLibraryStdafx.h">
      <Filter>Stdafx</Filter>
    </ClInclude>
    <ClInclude Include="..\..\Source\EngineLibrary\stdafx\EngineLibraryInclude.h">
      <Filter>Stdafx</Filter>
    </ClInclude>
    <ClInclude Include="..\..\Source\EngineLibrary\GameApplication.h">
      <Filter>Manage</Filter>
    </ClInclude>
    <ClInclude Include="..\..\Source\EngineLibrary\ModelComponent.h">
      <Filter>Manage</Filter>
    </ClInclude>
    <ClInclude Include="..\..\Source\EngineLibrary\ModelRender.h">
      <Filter>Manage</Filter>
    </ClInclude>
    <ClInclude Include="..\..\Source\EngineLibrary\BaseObject.h">
      <Filter>Manage</Filter>
    </ClInclude>
    <ClInclude Include="..\..\Source\EngineLibrary\Component.h">
      <Filter>Manage</Filter>
    </ClInclude>
    <ClInclude Include="..\..\Source\EngineLibrary\DrawComponent.h">
      <Filter>Manage</Filter>
    </ClInclude>
    <ClInclude Include="..\..\Source\EngineLibrary\CameraComponent.h">
      <Filter>Manage</Filter>
    </ClInclude>
    <ClInclude Include="..\..\Source\EngineLibrary\AttributeDefine.h">
      <Filter>Manage</Filter>
    </ClInclude>
    <ClInclude Include="..\..\Source\EngineLibrary\AssemblyHolder.h">
      <Filter>Manage</Filter>
    </ClInclude>
    <ClInclude Include="..\..\Source\EngineLibrary\EngineLibraryUtility.h">
      <Filter>Manage</Filter>
    </ClInclude>
    <ClInclude Include="..\..\Source\EngineLibrary\WrapperDrawComponent.h">
      <Filter>Native</Filter>
    </ClInclude>
    <ClInclude Include="..\..\Source\EngineLibrary\IDClass.h">
      <Filter>Manage</Filter>
    </ClInclude>
    <ClInclude Include="..\..\Source\EngineLibrary\ManageSingleton.h">
      <Filter>Manage</Filter>
    </ClInclude>
    <ClInclude Include="..\..\Source\EngineLibrary\Scene.h">
      <Filter>Manage</Filter>
    </ClInclude>
    <ClInclude Include="..\..\Source\EngineLibrary\GameObject.h">
      <Filter>Manage</Filter>
    </ClInclude>
    <ClInclude Include="..\..\Source\EngineLibrary\SceneLoader.h">
      <Filter>Manage</Filter>
    </ClInclude>
    <ClInclude Include="..\..\Source\EngineLibrary\BaseObjectStorage.h">
      <Filter>Manage</Filter>
    </ClInclude>
    <ClInclude Include="..\..\Source\EngineLibrary\ClassLoader.h">
      <Filter>Manage</Filter>
    </ClInclude>
    <ClInclude Include="..\..\Source\EngineLibrary\GameObjectUpdater.h">
      <Filter>Manage</Filter>
    </ClInclude>
    <ClInclude Include="..\..\Source\EngineLibrary\GameObjectStorage.h">
      <Filter>Manage</Filter>
    </ClInclude>
    <ClInclude Include="..\..\Source\EngineLibrary\ManageLambda.h">
      <Filter>Manage</Filter>
    </ClInclude>
    <ClInclude Include="..\..\Source\EngineLibrary\ManageEnum.h" />
    <ClInclude Include="..\..\Source\EngineLibrary\EngineLibrarySingletonGetter.h" />
    <ClInclude Include="..\..\Source\EngineLibrary\ClassData.h" />
  </ItemGroup>
  <ItemGroup>
    <ClCompile Include="..\..\Source\EngineLibrary\BaseMainWindow.cpp" />
    <ClCompile Include="..\..\Source\EngineLibrary\ComponentInterface.cpp" />
    <ClCompile Include="..\..\Source\EngineLibrary\EngineLibraryDefine.cpp" />
    <ClCompile Include="..\..\Source\EngineLibrary\ConvertManage.cpp" />
    <ClCompile Include="..\..\Source\EngineLibrary\ConvertManageToUnmanage.cpp" />
    <ClCompile Include="..\..\Source\EngineLibrary\stdafx\EngineLibraryStdafx.cpp">
      <Filter>Stdafx</Filter>
    </ClCompile>
    <ClCompile Include="..\..\Source\EngineLibrary\GameApplication.cpp">
      <Filter>Manage</Filter>
    </ClCompile>
    <ClCompile Include="..\..\Source\EngineLibrary\ModelComponent.cpp">
      <Filter>Manage</Filter>
    </ClCompile>
    <ClCompile Include="..\..\Source\EngineLibrary\ModelRender.cpp">
      <Filter>Manage</Filter>
    </ClCompile>
    <ClCompile Include="..\..\Source\EngineLibrary\BaseObject.cpp">
      <Filter>Manage</Filter>
    </ClCompile>
    <ClCompile Include="..\..\Source\EngineLibrary\Component.cpp">
      <Filter>Manage</Filter>
    </ClCompile>
    <ClCompile Include="..\..\Source\EngineLibrary\DrawComponent.cpp">
      <Filter>Manage</Filter>
    </ClCompile>
    <ClCompile Include="..\..\Source\EngineLibrary\CameraComponent.cpp">
      <Filter>Manage</Filter>
    </ClCompile>
    <ClCompile Include="..\..\Source\EngineLibrary\AttributeDefine.cpp">
      <Filter>Manage</Filter>
    </ClCompile>
    <ClCompile Include="..\..\Source\EngineLibrary\AssemblyHolder.cpp">
      <Filter>Manage</Filter>
    </ClCompile>
    <ClCompile Include="..\..\Source\EngineLibrary\EngineLibraryUtility.cpp">
      <Filter>Manage</Filter>
    </ClCompile>
    <ClCompile Include="..\..\Source\EngineLibrary\WrapperDrawComponent.cpp">
      <Filter>Native</Filter>
    </ClCompile>
    <ClCompile Include="..\..\Source\EngineLibrary\IDClass.cpp">
      <Filter>Manage</Filter>
    </ClCompile>
    <ClCompile Include="..\..\Source\EngineLibrary\GameObject.cpp">
      <Filter>Manage</Filter>
    </ClCompile>
    <ClCompile Include="..\..\Source\EngineLibrary\Scene.cpp">
      <Filter>Manage</Filter>
    </ClCompile>
    <ClCompile Include="..\..\Source\EngineLibrary\ClassLoader.cpp">
      <Filter>Manage</Filter>
    </ClCompile>
    <ClCompile Include="..\..\Source\EngineLibrary\SceneLoader.cpp">
      <Filter>Manage</Filter>
    </ClCompile>
    <ClCompile Include="..\..\Source\EngineLibrary\BaseObjectStorage.cpp">
      <Filter>Manage</Filter>
    </ClCompile>
    <ClCompile Include="..\..\Source\EngineLibrary\GameObjectUpdater.cpp">
      <Filter>Manage</Filter>
    </ClCompile>
    <ClCompile Include="..\..\Source\EngineLibrary\GameObjectStorage.cpp">
      <Filter>Manage</Filter>
    </ClCompile>
    <ClCompile Include="..\..\Source\EngineLibrary\ManageEnum.cpp">
      <Filter>Manage</Filter>
    </ClCompile>
    <ClCompile Include="..\..\Source\EngineLibrary\EngineLibrarySingletonGetter.cpp">
      <Filter>Manage</Filter>
    </ClCompile>
    <ClCompile Include="..\..\Source\EngineLibrary\ClassData.cpp" />
  </ItemGroup>
</Project>