
Microsoft Visual Studio Solution File, Format Version 12.00
# Visual Studio Version 17
VisualStudioVersion = 17.6.33829.357
MinimumVisualStudioVersion = 10.0.40219.1
Project("{8BC9CEB8-8B4A-11D0-8D11-00A0C91BC942}") = "EtherEngineProject", "EtherEngineProject.vcxproj", "{3B6614F9-4B19-49B9-A78A-1FD0E3287B1D}"
EndProject
Global
	GlobalSection(SolutionConfigurationPlatforms) = preSolution
		Debug|Any CPU = Debug|Any CPU
		Debug|x64 = Debug|x64
		Debug|x86 = Debug|x86
		Editor_Debug|Any CPU = Editor_Debug|Any CPU
		Editor_Debug|x64 = Editor_Debug|x64
		Editor_Debug|x86 = Editor_Debug|x86
		Editor_Release|Any CPU = Editor_Release|Any CPU
		Editor_Release|x64 = Editor_Release|x64
		Editor_Release|x86 = Editor_Release|x86
		GameTest_Debug|Any CPU = GameTest_Debug|Any CPU
		GameTest_Debug|x64 = GameTest_Debug|x64
		GameTest_Debug|x86 = GameTest_Debug|x86
		GameTest_Release|Any CPU = GameTest_Release|Any CPU
		GameTest_Release|x64 = GameTest_Release|x64
		GameTest_Release|x86 = GameTest_Release|x86
		Release|Any CPU = Release|Any CPU
		Release|x64 = Release|x64
		Release|x86 = Release|x86
	EndGlobalSection
	GlobalSection(ProjectConfigurationPlatforms) = postSolution
		{3B6614F9-4B19-49B9-A78A-1FD0E3287B1D}.Debug|Any CPU.ActiveCfg = GameTest_Debug|x64
		{3B6614F9-4B19-49B9-A78A-1FD0E3287B1D}.Debug|Any CPU.Build.0 = GameTest_Debug|x64
		{3B6614F9-4B19-49B9-A78A-1FD0E3287B1D}.Debug|x64.ActiveCfg = GameTest_Debug|x64
		{3B6614F9-4B19-49B9-A78A-1FD0E3287B1D}.Debug|x64.Build.0 = GameTest_Debug|x64
		{3B6614F9-4B19-49B9-A78A-1FD0E3287B1D}.Debug|x86.ActiveCfg = GameTest_Debug|Win32
		{3B6614F9-4B19-49B9-A78A-1FD0E3287B1D}.Debug|x86.Build.0 = GameTest_Debug|Win32
		{3B6614F9-4B19-49B9-A78A-1FD0E3287B1D}.Editor_Debug|Any CPU.ActiveCfg = Editor_Debug|x64
		{3B6614F9-4B19-49B9-A78A-1FD0E3287B1D}.Editor_Debug|Any CPU.Build.0 = Editor_Debug|x64
		{3B6614F9-4B19-49B9-A78A-1FD0E3287B1D}.Editor_Debug|x64.ActiveCfg = Editor_Debug|x64
		{3B6614F9-4B19-49B9-A78A-1FD0E3287B1D}.Editor_Debug|x64.Build.0 = Editor_Debug|x64
		{3B6614F9-4B19-49B9-A78A-1FD0E3287B1D}.Editor_Debug|x86.ActiveCfg = Editor_Debug|Win32
		{3B6614F9-4B19-49B9-A78A-1FD0E3287B1D}.Editor_Debug|x86.Build.0 = Editor_Debug|Win32
		{3B6614F9-4B19-49B9-A78A-1FD0E3287B1D}.Editor_Release|Any CPU.ActiveCfg = Editor_Release|x64
		{3B6614F9-4B19-49B9-A78A-1FD0E3287B1D}.Editor_Release|Any CPU.Build.0 = Editor_Release|x64
		{3B6614F9-4B19-49B9-A78A-1FD0E3287B1D}.Editor_Release|x64.ActiveCfg = Editor_Release|x64
		{3B6614F9-4B19-49B9-A78A-1FD0E3287B1D}.Editor_Release|x64.Build.0 = Editor_Release|x64
		{3B6614F9-4B19-49B9-A78A-1FD0E3287B1D}.Editor_Release|x86.ActiveCfg = Editor_Release|Win32
		{3B6614F9-4B19-49B9-A78A-1FD0E3287B1D}.Editor_Release|x86.Build.0 = Editor_Release|Win32
		{3B6614F9-4B19-49B9-A78A-1FD0E3287B1D}.GameTest_Debug|Any CPU.ActiveCfg = GameTest_Debug|x64
		{3B6614F9-4B19-49B9-A78A-1FD0E3287B1D}.GameTest_Debug|Any CPU.Build.0 = GameTest_Debug|x64
		{3B6614F9-4B19-49B9-A78A-1FD0E3287B1D}.GameTest_Debug|x64.ActiveCfg = GameTest_Debug|x64
		{3B6614F9-4B19-49B9-A78A-1FD0E3287B1D}.GameTest_Debug|x64.Build.0 = GameTest_Debug|x64
		{3B6614F9-4B19-49B9-A78A-1FD0E3287B1D}.GameTest_Debug|x86.ActiveCfg = GameTest_Debug|Win32
		{3B6614F9-4B19-49B9-A78A-1FD0E3287B1D}.GameTest_Debug|x86.Build.0 = GameTest_Debug|Win32
		{3B6614F9-4B19-49B9-A78A-1FD0E3287B1D}.GameTest_Release|Any CPU.ActiveCfg = GameTest_Release|x64
		{3B6614F9-4B19-49B9-A78A-1FD0E3287B1D}.GameTest_Release|Any CPU.Build.0 = GameTest_Release|x64
		{3B6614F9-4B19-49B9-A78A-1FD0E3287B1D}.GameTest_Release|x64.ActiveCfg = GameTest_Release|x64
		{3B6614F9-4B19-49B9-A78A-1FD0E3287B1D}.GameTest_Release|x64.Build.0 = GameTest_Release|x64
		{3B6614F9-4B19-49B9-A78A-1FD0E3287B1D}.GameTest_Release|x86.ActiveCfg = GameTest_Release|Win32
		{3B6614F9-4B19-49B9-A78A-1FD0E3287B1D}.GameTest_Release|x86.Build.0 = GameTest_Release|Win32
		{3B6614F9-4B19-49B9-A78A-1FD0E3287B1D}.Release|Any CPU.ActiveCfg = Editor_Release|x64
		{3B6614F9-4B19-49B9-A78A-1FD0E3287B1D}.Release|Any CPU.Build.0 = Editor_Release|x64
		{3B6614F9-4B19-49B9-A78A-1FD0E3287B1D}.Release|x64.ActiveCfg = Editor_Release|x64
		{3B6614F9-4B19-49B9-A78A-1FD0E3287B1D}.Release|x64.Build.0 = Editor_Release|x64
		{3B6614F9-4B19-49B9-A78A-1FD0E3287B1D}.Release|x86.ActiveCfg = Editor_Release|Win32
		{3B6614F9-4B19-49B9-A78A-1FD0E3287B1D}.Release|x86.Build.0 = Editor_Release|Win32
	EndGlobalSection
	GlobalSection(SolutionProperties) = preSolution
		HideSolutionNode = FALSE
	EndGlobalSection
	GlobalSection(ExtensibilityGlobals) = postSolution
		SolutionGuid = {CD089250-EF57-4328-818C-B32E7E5469F0}
	EndGlobalSection
EndGlobal
