<?xml version="1.0" encoding="utf-8"?>
<Project ToolsVersion="4.0" xmlns="http://schemas.microsoft.com/developer/msbuild/2003">
  <ItemGroup>
    <Filter Include="リソース ファイル">
      <UniqueIdentifier>{67DA6AB6-F800-4c08-8B7A-83BB121AAD01}</UniqueIdentifier>
      <Extensions>rc;ico;cur;bmp;dlg;rc2;rct;bin;rgs;gif;jpg;jpeg;jpe;resx;tiff;tif;png;wav;mfcribbon-ms</Extensions>
    </Filter>
    <Filter Include="AtomicData">
      <UniqueIdentifier>{974882ee-40d0-4758-aa54-ab1dfa7a822d}</UniqueIdentifier>
    </Filter>
    <Filter Include="Collision">
      <UniqueIdentifier>{d1c83f75-fc2b-4d8e-b0e7-8e15a642b2f6}</UniqueIdentifier>
    </Filter>
    <Filter Include="Collision\CollisionFunction">
      <UniqueIdentifier>{039a06a6-fe9b-4700-8c11-51e181d72871}</UniqueIdentifier>
    </Filter>
    <Filter Include="XML">
      <UniqueIdentifier>{410f7e69-91fe-4232-9ed8-838182815b59}</UniqueIdentifier>
    </Filter>
    <Filter Include="Stdafx">
      <UniqueIdentifier>{363ea0bd-3045-455a-9a79-869327b1db4a}</UniqueIdentifier>
    </Filter>
  </ItemGroup>
  <ItemGroup>
    <ClCompile Include="..\..\Source\Base\CollisionBase.cpp">
      <Filter>Collision</Filter>
    </ClCompile>
    <ClCompile Include="..\..\Source\Base\CollisionComponent.cpp">
      <Filter>Collision</Filter>
    </ClCompile>
    <ClCompile Include="..\..\Source\Base\CollisionStorage.cpp">
      <Filter>Collision</Filter>
    </ClCompile>
    <ClCompile Include="..\..\Source\Base\CollisionSphere.cpp">
      <Filter>Collision</Filter>
    </ClCompile>
    <ClCompile Include="..\..\Source\Base\CollisionFunction.cpp">
      <Filter>Collision\CollisionFunction</Filter>
    </ClCompile>
    <ClCompile Include="..\..\Source\Base\CollisionHelper.cpp">
      <Filter>Collision</Filter>
    </ClCompile>
    <ClCompile Include="..\..\Source\Base\CollisionSphereXSphereFunction.cpp">
      <Filter>Collision\CollisionFunction</Filter>
    </ClCompile>
    <ClCompile Include="..\..\Source\Base\Xml\tinyxml2.cpp">
      <Filter>XML</Filter>
    </ClCompile>
    <ClCompile Include="..\..\Source\Base\CollisionBoxXBox.cpp">
      <Filter>Collision\CollisionFunction</Filter>
    </ClCompile>
    <ClCompile Include="..\..\Source\Base\BaseDefines.cpp" />
    <ClCompile Include="..\..\Source\Base\BaseInput.cpp" />
    <ClCompile Include="..\..\Source\Base\NativeBaseObject.cpp" />
    <ClCompile Include="..\..\Source\Base\BaseUtility.cpp" />
    <ClCompile Include="..\..\Source\Base\CameraBase.cpp" />
    <ClCompile Include="..\..\Source\Base\CameraComponent.cpp" />
    <ClCompile Include="..\..\Source\Base\CameraStorage.cpp" />
    <ClCompile Include="..\..\Source\Base\ComponentBase.cpp" />
    <ClCompile Include="..\..\Source\Base\ComponentHelper.cpp" />
    <ClCompile Include="..\..\Source\Base\ConceptUtility.cpp" />
    <ClCompile Include="..\..\Source\Base\Converter.cpp" />
    <ClCompile Include="..\..\Source\Base\DrawComponentBase.cpp" />
    <ClCompile Include="..\..\Source\Base\EtherEngineUtility.cpp" />
    <ClCompile Include="..\..\Source\Base\NativeGameObject.cpp" />
    <ClCompile Include="..\..\Source\Base\GameObjectStorage.cpp" />
    <ClCompile Include="..\..\Source\Base\GameObjectUpdater.cpp" />
    <ClCompile Include="..\..\Source\Base\InitUninitPerformer.cpp" />
    <ClCompile Include="..\..\Source\Base\ObejctTag.cpp" />
    <ClCompile Include="..\..\Source\Base\PathClass.cpp" />
    <ClCompile Include="..\..\Source\Base\ProjectData.cpp" />
    <ClCompile Include="..\..\Source\Base\RAIIClass.cpp" />
    <ClCompile Include="..\..\Source\Base\ThreadPool.cpp" />
    <ClCompile Include="..\..\Source\Base\Timer.cpp" />
    <ClCompile Include="..\..\Source\Base\Transform.cpp" />
    <ClCompile Include="..\..\Source\Base\EditorException.cpp" />
    <ClCompile Include="..\..\Source\Base\Mutex.cpp" />
    <ClCompile Include="..\..\Source\Base\MathUtility.cpp" />
    <ClCompile Include="..\..\Source\Base\stdafx\BaseStdafx.cpp">
      <Filter>Stdafx</Filter>
    </ClCompile>
  </ItemGroup>
  <ItemGroup>
    <ClInclude Include="..\..\Source\Base\Xml\tinyxml2.h">
      <Filter>XML</Filter>
    </ClInclude>
    <ClInclude Include="..\..\Source\Base\CollisionBase.h">
      <Filter>Collision</Filter>
    </ClInclude>
    <ClInclude Include="..\..\Source\Base\CollisionComponent.h">
      <Filter>Collision</Filter>
    </ClInclude>
    <ClInclude Include="..\..\Source\Base\CollisionFunction.h">
      <Filter>Collision</Filter>
    </ClInclude>
    <ClInclude Include="..\..\Source\Base\CollisionHelper.h">
      <Filter>Collision</Filter>
    </ClInclude>
    <ClInclude Include="..\..\Source\Base\CollisionSphere.h">
      <Filter>Collision</Filter>
    </ClInclude>
    <ClInclude Include="..\..\Source\Base\CollisionSphereXSphereFunction.h">
      <Filter>Collision</Filter>
    </ClInclude>
    <ClInclude Include="..\..\Source\Base\CollisionStorage.h">
      <Filter>Collision</Filter>
    </ClInclude>
    <ClInclude Include="..\..\Source\Base\NonExclusionData.h">
      <Filter>AtomicData</Filter>
    </ClInclude>
    <ClInclude Include="..\..\Source\Base\ExclusionData.h">
      <Filter>AtomicData</Filter>
    </ClInclude>
    <ClInclude Include="..\..\Source\Base\ExclusionObject.h" />
    <ClInclude Include="..\..\Source\Base\BaseDefines.h" />
    <ClInclude Include="..\..\Source\Base\BaseHelper.h" />
    <ClInclude Include="..\..\Source\Base\BaseInput.h" />
    <ClInclude Include="..\..\Source\Base\NativeBaseObject.h" />
    <ClInclude Include="..\..\Source\Base\BaseUtility.h" />
    <ClInclude Include="..\..\Source\Base\CameraBase.h" />
    <ClInclude Include="..\..\Source\Base\CameraComponent.h" />
    <ClInclude Include="..\..\Source\Base\CameraStorage.h" />
    <ClInclude Include="..\..\Source\Base\ComponentBase.h" />
    <ClInclude Include="..\..\Source\Base\ComponentHelper.h" />
    <ClInclude Include="..\..\Source\Base\ConceptUtility.h" />
    <ClInclude Include="..\..\Source\Base\Converter.h" />
    <ClInclude Include="..\..\Source\Base\DrawComponentBase.h" />
    <ClInclude Include="..\..\Source\Base\EtherEngineUtility.h" />
    <ClInclude Include="..\..\Source\Base\NativeGameObject.h" />
    <ClInclude Include="..\..\Source\Base\GameObjectStorage.h" />
    <ClInclude Include="..\..\Source\Base\GameObjectUpdater.h" />
    <ClInclude Include="..\..\Source\Base\GraphicDefines.h" />
    <ClInclude Include="..\..\Source\Base\Handle.h" />
    <ClInclude Include="..\..\Source\Base\HandleSystem.h" />
    <ClInclude Include="..\..\Source\Base\InitUninitPerformer.h" />
    <ClInclude Include="..\..\Source\Base\MathUtility.h" />
    <ClInclude Include="..\..\Source\Base\MessageQue.h" />
    <ClInclude Include="..\..\Source\Base\ObejctTag.h" />
    <ClInclude Include="..\..\Source\Base\ParentAndChildObject.h" />
    <ClInclude Include="..\..\Source\Base\PathClass.h" />
    <ClInclude Include="..\..\Source\Base\RAIIClass.h" />
    <ClInclude Include="..\..\Source\Base\Random.h" />
    <ClInclude Include="..\..\Source\Base\Singleton.h" />
    <ClInclude Include="..\..\Source\Base\StorageSystem.h" />
    <ClInclude Include="..\..\Source\Base\ThreadPool.h" />
    <ClInclude Include="..\..\Source\Base\Timer.h" />
    <ClInclude Include="..\..\Source\Base\Transform.h" />
    <ClInclude Include="..\..\Source\Base\WindowsDefine.h" />
    <ClInclude Include="..\..\Source\Base\EditorException.h" />
    <ClInclude Include="..\..\Source\Base\ProjectData.h" />
    <ClInclude Include="..\..\Source\Base\CollisionBoxXBox.h">
      <Filter>Collision</Filter>
    </ClInclude>
    <ClInclude Include="..\..\Source\Base\Mutex.h" />
    <ClInclude Include="..\..\Source\Base\stdafx\BaseInclude.h">
      <Filter>Stdafx</Filter>
    </ClInclude>
    <ClInclude Include="..\..\Source\Base\stdafx\BaseStdafx.h">
      <Filter>Stdafx</Filter>
    </ClInclude>
    <ClInclude Include="..\..\Source\Base\RandomManage.h" />
  </ItemGroup>
</Project>