<?xml version="1.0" encoding="utf-8"?>
<Project ToolsVersion="4.0" xmlns="http://schemas.microsoft.com/developer/msbuild/2003">
  <ItemGroup>
    <Filter Include="リソース ファイル">
      <UniqueIdentifier>{67DA6AB6-F800-4c08-8B7A-83BB121AAD01}</UniqueIdentifier>
      <Extensions>rc;ico;cur;bmp;dlg;rc2;rct;bin;rgs;gif;jpg;jpeg;jpe;resx;tiff;tif;png;wav;mfcribbon-ms</Extensions>
    </Filter>
    <Filter Include="Base">
      <UniqueIdentifier>{74c69215-a139-48a8-8c28-238792a7be24}</UniqueIdentifier>
    </Filter>
    <Filter Include="Component">
      <UniqueIdentifier>{c311ea5a-5913-45ef-ae41-fa37b1788d69}</UniqueIdentifier>
    </Filter>
  </ItemGroup>
  <ItemGroup>
    <ClCompile Include="..\..\Source\C++CLI\UserComponent.cpp">
      <Filter>Base</Filter>
    </ClCompile>
    <ClCompile Include="..\..\Source\C++CLI\AttributeDefine.cpp">
      <Filter>Base</Filter>
    </ClCompile>
    <ClCompile Include="..\..\Source\C++CLI\stdafx\C++CLIStdafx.cpp">
      <Filter>Base</Filter>
    </ClCompile>
    <ClCompile Include="..\..\Source\C++CLI\C++CLIUtility.cpp">
      <Filter>Base</Filter>
    </ClCompile>
    <ClCompile Include="..\..\Source\C++CLI\ComponentInterface.cpp">
      <Filter>Base</Filter>
    </ClCompile>
    <ClCompile Include="..\..\Source\C++CLI\GameComponent.cpp">
      <Filter>Base</Filter>
    </ClCompile>
    <ClCompile Include="..\..\Source\C++CLI\GameDrawComponent.cpp">
      <Filter>Base</Filter>
    </ClCompile>
    <ClCompile Include="..\..\Source\C++CLI\ModelComponent.cpp">
      <Filter>Component</Filter>
    </ClCompile>
    <ClCompile Include="..\..\Source\C++CLI\UserDrawComponent.cpp">
      <Filter>Base</Filter>
    </ClCompile>
    <ClCompile Include="..\..\Source\C++CLI\CameraComponent.cpp">
      <Filter>Component</Filter>
    </ClCompile>
    <ClCompile Include="..\..\Source\C++CLI\C++CLIInit.cpp">
      <Filter>Base</Filter>
    </ClCompile>
    <ClCompile Include="..\..\Source\C++CLI\GameApplication.cpp">
      <Filter>Base</Filter>
    </ClCompile>
    <ClCompile Include="..\..\Source\C++CLI\BaseMainWindow.cpp">
      <Filter>Base</Filter>
    </ClCompile>
    <ClCompile Include="..\..\Source\C++CLI\ModelRender.cpp">
      <Filter>Base</Filter>
    </ClCompile>
    <ClCompile Include="..\..\Source\C++CLI\ManageSingleton.cpp">
      <Filter>Base</Filter>
    </ClCompile>
    <ClCompile Include="..\..\Source\C++CLI\AssemblyHolder.cpp">
      <Filter>Base</Filter>
    </ClCompile>
    <ClCompile Include="..\..\Source\C++CLI\CPPCLIAssemblyInfo.cpp" />
  </ItemGroup>
  <ItemGroup>
    <ClInclude Include="..\..\Source\C++CLI\AssemblyHolder.h">
      <Filter>Base</Filter>
    </ClInclude>
    <ClInclude Include="..\..\Source\C++CLI\AttributeDefine.h">
      <Filter>Base</Filter>
    </ClInclude>
    <ClInclude Include="..\..\Source\C++CLI\BaseMainWindow.h">
      <Filter>Base</Filter>
    </ClInclude>
    <ClInclude Include="..\..\Source\C++CLI\C++CLIInit.h">
      <Filter>Base</Filter>
    </ClInclude>
    <ClInclude Include="..\..\Source\C++CLI\stdafx\C++CLIStdafx.h">
      <Filter>Base</Filter>
    </ClInclude>
    <ClInclude Include="..\..\Source\C++CLI\C++CLIUtility.h">
      <Filter>Base</Filter>
    </ClInclude>
    <ClInclude Include="..\..\Source\C++CLI\ComponentInterface.h">
      <Filter>Base</Filter>
    </ClInclude>
    <ClInclude Include="..\..\Source\C++CLI\GameApplication.h">
      <Filter>Base</Filter>
    </ClInclude>
    <ClInclude Include="..\..\Source\C++CLI\GameComponent.h">
      <Filter>Base</Filter>
    </ClInclude>
    <ClInclude Include="..\..\Source\C++CLI\GameDrawComponent.h">
      <Filter>Base</Filter>
    </ClInclude>
    <ClInclude Include="..\..\Source\C++CLI\ManageSingleton.h">
      <Filter>Base</Filter>
    </ClInclude>
    <ClInclude Include="..\..\Source\C++CLI\UserComponent.h">
      <Filter>Base</Filter>
    </ClInclude>
    <ClInclude Include="..\..\Source\C++CLI\UserDrawComponent.h">
      <Filter>Base</Filter>
    </ClInclude>
    <ClInclude Include="..\..\Source\C++CLI\CameraComponent.h">
      <Filter>Component</Filter>
    </ClInclude>
    <ClInclude Include="..\..\Source\C++CLI\ModelComponent.h">
      <Filter>Component</Filter>
    </ClInclude>
    <ClInclude Include="..\..\Source\C++CLI\ModelRender.h">
      <Filter>Component</Filter>
    </ClInclude>
  </ItemGroup>
</Project>